dependencies:
- name: prometheus
  repository: https://prometheus-community.github.io/helm-charts
  version: 14.0.0
- name: grafana
  repository: https://grafana.github.io/helm-charts
  version: 6.17.4
digest: sha256:d468d915298c09b8018ddd4526fe7cc75ac3508e8ba957f4d2b98d8319d67604
generated: "2024-02-13T20:33:17.2827533-05:00"
