dependencies:
- name: prometheus
  repository: https://prometheus-community.github.io/helm-charts
  version: 25.11.1
- name: grafana
  repository: https://grafana.github.io/helm-charts
  version: 7.3.0
digest: sha256:b482919fe9b87bbe4efd050d13e21c444e7b2e03cc4c5514ee69f006ad9b8053
generated: "2024-02-14T00:44:55.0033072-05:00"
